<?xml version="1.0" encoding="utf-8"?>
<Project ToolsVersion="4.0" xmlns="http://schemas.microsoft.com/developer/msbuild/2003">
  <ItemGroup>
    <Filter Include="Source Files">
      <UniqueIdentifier>{4FC737F1-C7A5-4376-A066-2A32D752A2FF}</UniqueIdentifier>
      <Extensions>cpp;c;cc;cxx;def;odl;idl;hpj;bat;asm;asmx</Extensions>
    </Filter>
    <Filter Include="Header Files">
      <UniqueIdentifier>{93995380-89BD-4b04-88EB-625FBE52EBFB}</UniqueIdentifier>
      <Extensions>h;hh;hpp;hxx;hm;inl;inc;xsd</Extensions>
    </Filter>
    <Filter Include="Resource Files">
      <UniqueIdentifier>{67DA6AB6-F800-4c08-8B7A-83BB121AAD01}</UniqueIdentifier>
      <Extensions>rc;ico;cur;bmp;dlg;rc2;rct;bin;rgs;gif;jpg;jpeg;jpe;resx;tiff;tif;png;wav;mfcribbon-ms</Extensions>
    </Filter>
  </ItemGroup>
  <ItemGroup>
    <ClInclude Include="impl\entity\Entity.hpp">
      <Filter>Header Files</Filter>
    </ClInclude>
    <ClInclude Include="impl\entity\MasterEntity.hpp">
      <Filter>Header Files</Filter>
    </ClInclude>
    <ClInclude Include="impl\entity\SlaveEntity.hpp">
      <Filter>Header Files</Filter>
    </ClInclude>
    <ClInclude Include="impl\event\Event.hpp">
      <Filter>Header Files</Filter>
    </ClInclude>
    <ClInclude Include="impl\object\Object.hpp">
      <Filter>Header Files</Filter>
    </ClInclude>
    <ClInclude Include="simpp\object\Object.hpp">
      <Filter>Header Files</Filter>
    </ClInclude>
    <ClInclude Include="simpp\entity\Entity.hpp">
      <Filter>Header Files</Filter>
    </ClInclude>
    <ClInclude Include="simpp\entity\MasterEntity.hpp">
      <Filter>Header Files</Filter>
    </ClInclude>
    <ClInclude Include="simpp\entity\SlaveEntity.hpp">
      <Filter>Header Files</Filter>
    </ClInclude>
    <ClInclude Include="simpp\event\Event.hpp">
      <Filter>Header Files</Filter>
    </ClInclude>
    <ClInclude Include="simpp\datacenter\Datacenter.hpp">
      <Filter>Header Files</Filter>
    </ClInclude>
    <ClInclude Include="smpp\mmsim.hpp">
      <Filter>Header Files</Filter>
    </ClInclude>
    <ClInclude Include="smpp\smpp.hpp">
      <Filter>Header Files</Filter>
    </ClInclude>
    <ClInclude Include="smpp\priority_queue.hpp">
      <Filter>Header Files</Filter>
    </ClInclude>
    <ClInclude Include="smpp\task.hpp">
      <Filter>Header Files</Filter>
    </ClInclude>
    <ClInclude Include="smpp\task_completition.hpp">
      <Filter>Header Files</Filter>
    </ClInclude>
    <ClInclude Include="smpp\task_processor.hpp">
      <Filter>Header Files</Filter>
    </ClInclude>
    <ClInclude Include="smpp\processor.hpp">
      <Filter>Header Files</Filter>
    </ClInclude>
  </ItemGroup>
  <ItemGroup>
    <ClCompile Include="main.cpp">
      <Filter>Source Files</Filter>
    </ClCompile>
  </ItemGroup>
</Project>